
Microsoft Visual Studio Solution File, Format Version 12.00
Project("{FAE04EC0-301F-11D3-BF4B-00C04F79EFBC}") = "TileGameServer", "TileGameServer\TileGameServer.csproj", "{F5402CCD-F33D-4373-B008-759453B165B0}"
EndProject
Project("{FAE04EC0-301F-11D3-BF4B-00C04F79EFBC}") = "TileGameServer.Infrastructure", "TileGameServer.Infrastructure\TileGameServer.Infrastructure.csproj", "{8DBF7F94-5E05-475B-A3EA-A6B896EF77DC}"
EndProject
Global
	GlobalSection(SolutionConfigurationPlatforms) = preSolution
		Debug|Any CPU = Debug|Any CPU
		Release|Any CPU = Release|Any CPU
	EndGlobalSection
	GlobalSection(ProjectConfigurationPlatforms) = postSolution
		{F5402CCD-F33D-4373-B008-759453B165B0}.Debug|Any CPU.ActiveCfg = Debug|Any CPU
		{F5402CCD-F33D-4373-B008-759453B165B0}.Debug|Any CPU.Build.0 = Debug|Any CPU
		{F5402CCD-F33D-4373-B008-759453B165B0}.Release|Any CPU.ActiveCfg = Release|Any CPU
		{F5402CCD-F33D-4373-B008-759453B165B0}.Release|Any CPU.Build.0 = Release|Any CPU
		{8DBF7F94-5E05-475B-A3EA-A6B896EF77DC}.Debug|Any CPU.ActiveCfg = Debug|Any CPU
		{8DBF7F94-5E05-475B-A3EA-A6B896EF77DC}.Debug|Any CPU.Build.0 = Debug|Any CPU
		{8DBF7F94-5E05-475B-A3EA-A6B896EF77DC}.Release|Any CPU.ActiveCfg = Release|Any CPU
		{8DBF7F94-5E05-475B-A3EA-A6B896EF77DC}.Release|Any CPU.Build.0 = Release|Any CPU
	EndGlobalSection
EndGlobal
